# @generated - this file is auto-generated by `mise lock` https://mise.en.dev/dev-tools/mise-lock.html

[[tools."aqua:dadav/helm-schema"]]
version = "0.23.4"
backend = "aqua:dadav/helm-schema"

[tools."aqua:dadav/helm-schema"."platforms.linux-arm64"]
checksum = "sha256:f45e427aef848a1565a1341e3d2468840c64dc1d2c0f3b276982b852d587abe8"
url = "https://github.com/dadav/helm-schema/releases/download/0.23.4/helm-schema_0.23.4_Linux_arm64.tar.gz"

[tools."aqua:dadav/helm-schema"."platforms.linux-arm64-musl"]
checksum = "sha256:f45e427aef848a1565a1341e3d2468840c64dc1d2c0f3b276982b852d587abe8"
url = "https://github.com/dadav/helm-schema/releases/download/0.23.4/helm-schema_0.23.4_Linux_arm64.tar.gz"

[tools."aqua:dadav/helm-schema"."platforms.linux-x64"]
checksum = "sha256:02d7aeb3b915b431a007402778f338daf77839d563cea62d9b375896028a72c7"
url = "https://github.com/dadav/helm-schema/releases/download/0.23.4/helm-schema_0.23.4_Linux_x86_64.tar.gz"

[tools."aqua:dadav/helm-schema"."platforms.linux-x64-musl"]
checksum = "sha256:02d7aeb3b915b431a007402778f338daf77839d563cea62d9b375896028a72c7"
url = "https://github.com/dadav/helm-schema/releases/download/0.23.4/helm-schema_0.23.4_Linux_x86_64.tar.gz"

[tools."aqua:dadav/helm-schema"."platforms.macos-arm64"]
checksum = "sha256:e0075eab02f304a8d11bf8a94480fa34ec4f2db2460978d656738bf22f1106d4"
url = "https://github.com/dadav/helm-schema/releases/download/0.23.4/helm-schema_0.23.4_Darwin_arm64.tar.gz"

[tools."aqua:dadav/helm-schema"."platforms.macos-x64"]
checksum = "sha256:568945c206f746d45bb366369b257dd3ea25fdb8597a6c34ef678fb688b12ebf"
url = "https://github.com/dadav/helm-schema/releases/download/0.23.4/helm-schema_0.23.4_Darwin_x86_64.tar.gz"

[tools."aqua:dadav/helm-schema"."platforms.windows-x64"]
checksum = "sha256:261f93081473ae8d465b29320f55282d979af9aa2c0585ad82dbc10db4d89175"
url = "https://github.com/dadav/helm-schema/releases/download/0.23.4/helm-schema_0.23.4_Windows_x86_64.zip"

[[tools.cosign]]
version = "3.1.1"
backend = "aqua:sigstore/cosign"

[tools.cosign."platforms.linux-arm64"]
checksum = "sha256:2ec865872e331c32fd12b08dae15332d3f92c0aa029219589684a4903ca85d11"
url = "https://github.com/sigstore/cosign/releases/download/v3.1.1/cosign-linux-arm64"
provenance = "cosign"

[tools.cosign."platforms.linux-arm64-musl"]
checksum = "sha256:2ec865872e331c32fd12b08dae15332d3f92c0aa029219589684a4903ca85d11"
url = "https://github.com/sigstore/cosign/releases/download/v3.1.1/cosign-linux-arm64"
provenance = "cosign"

[tools.cosign."platforms.linux-x64"]
checksum = "sha256:ae1ecd212663f3693ad9edf8b1a183900c9a52d3155ba6e354237f9a0f6463fc"
url = "https://github.com/sigstore/cosign/releases/download/v3.1.1/cosign-linux-amd64"

[tools.cosign."platforms.linux-x64-musl"]
checksum = "sha256:ae1ecd212663f3693ad9edf8b1a183900c9a52d3155ba6e354237f9a0f6463fc"
url = "https://github.com/sigstore/cosign/releases/download/v3.1.1/cosign-linux-amd64"
provenance = "cosign"

[tools.cosign."platforms.macos-arm64"]
checksum = "sha256:94b42a9e697be95675f6160ab031a9a5f1ec1e646d6f648d7b2f5cd59ececbc5"
url = "https://github.com/sigstore/cosign/releases/download/v3.1.1/cosign-darwin-arm64"
provenance = "cosign"

[tools.cosign."platforms.macos-x64"]
checksum = "sha256:14d2678dfbfde18798151e86fbd91ebdadbb7424b18412a42a155dd8a2df4c7a"
url = "https://github.com/sigstore/cosign/releases/download/v3.1.1/cosign-darwin-amd64"
provenance = "cosign"

[tools.cosign."platforms.windows-x64"]
checksum = "sha256:9d2c026e667bfd979fa7ba1cab8c4b24d2e73f336ec2d57f7fc72c7e73e5b4b6"
url = "https://github.com/sigstore/cosign/releases/download/v3.1.1/cosign-windows-amd64.exe"
provenance = "cosign"

[[tools.go]]
version = "1.26.4"
backend = "core:go"

[tools.go."platforms.linux-arm64"]
url = "https://dl.google.com/go/go1.26.4.linux-arm64.tar.gz"

[tools.go."platforms.linux-arm64-musl"]
url = "https://dl.google.com/go/go1.26.4.linux-arm64.tar.gz"

[tools.go."platforms.linux-x64"]
url = "https://dl.google.com/go/go1.26.4.linux-amd64.tar.gz"

[tools.go."platforms.linux-x64-musl"]
url = "https://dl.google.com/go/go1.26.4.linux-amd64.tar.gz"

[tools.go."platforms.macos-arm64"]
url = "https://dl.google.com/go/go1.26.4.darwin-arm64.tar.gz"

[tools.go."platforms.macos-x64"]
url = "https://dl.google.com/go/go1.26.4.darwin-amd64.tar.gz"

[tools.go."platforms.windows-x64"]
url = "https://dl.google.com/go/go1.26.4.windows-amd64.zip"

[[tools.golangci-lint]]
version = "2.12.2"
backend = "aqua:golangci/golangci-lint"

[tools.golangci-lint."platforms.linux-arm64"]
provenance = "github-attestations"

[tools.golangci-lint."platforms.linux-arm64-musl"]
provenance = "github-attestations"

[tools.golangci-lint."platforms.linux-x64"]
provenance = "github-attestations"

[tools.golangci-lint."platforms.linux-x64-musl"]
provenance = "github-attestations"

[tools.golangci-lint."platforms.macos-arm64"]
provenance = "github-attestations"

[tools.golangci-lint."platforms.macos-x64"]
provenance = "github-attestations"

[tools.golangci-lint."platforms.windows-x64"]
provenance = "github-attestations"

[[tools.helm]]
version = "4.2.2"
backend = "aqua:helm/helm"

[tools.helm."platforms.linux-arm64"]
url = "https://get.helm.sh/helm-v4.2.2-linux-arm64.tar.gz"

[tools.helm."platforms.linux-arm64-musl"]
url = "https://get.helm.sh/helm-v4.2.2-linux-arm64.tar.gz"

[tools.helm."platforms.linux-x64"]
url = "https://get.helm.sh/helm-v4.2.2-linux-amd64.tar.gz"

[tools.helm."platforms.linux-x64-musl"]
url = "https://get.helm.sh/helm-v4.2.2-linux-amd64.tar.gz"

[tools.helm."platforms.macos-arm64"]
url = "https://get.helm.sh/helm-v4.2.2-darwin-arm64.tar.gz"

[tools.helm."platforms.macos-x64"]
url = "https://get.helm.sh/helm-v4.2.2-darwin-amd64.tar.gz"

[tools.helm."platforms.windows-x64"]
url = "https://get.helm.sh/helm-v4.2.2-windows-amd64.tar.gz"

[[tools.helm-docs]]
version = "1.14.2"
backend = "aqua:norwoodj/helm-docs"

[tools.helm-docs."platforms.linux-arm64"]
url = "https://github.com/norwoodj/helm-docs/releases/download/v1.14.2/helm-docs_1.14.2_Linux_arm64.tar.gz"

[tools.helm-docs."platforms.linux-arm64-musl"]
url = "https://github.com/norwoodj/helm-docs/releases/download/v1.14.2/helm-docs_1.14.2_Linux_arm64.tar.gz"

[tools.helm-docs."platforms.linux-x64"]
url = "https://github.com/norwoodj/helm-docs/releases/download/v1.14.2/helm-docs_1.14.2_Linux_x86_64.tar.gz"

[tools.helm-docs."platforms.linux-x64-musl"]
url = "https://github.com/norwoodj/helm-docs/releases/download/v1.14.2/helm-docs_1.14.2_Linux_x86_64.tar.gz"

[tools.helm-docs."platforms.macos-arm64"]
url = "https://github.com/norwoodj/helm-docs/releases/download/v1.14.2/helm-docs_1.14.2_Darwin_arm64.tar.gz"

[tools.helm-docs."platforms.macos-x64"]
url = "https://github.com/norwoodj/helm-docs/releases/download/v1.14.2/helm-docs_1.14.2_Darwin_x86_64.tar.gz"

[tools.helm-docs."platforms.windows-x64"]
url = "https://github.com/norwoodj/helm-docs/releases/download/v1.14.2/helm-docs_1.14.2_Windows_x86_64.tar.gz"

[[tools.lefthook]]
version = "2.1.9"
backend = "aqua:evilmartians/lefthook"

[tools.lefthook."platforms.linux-arm64"]
provenance = "github-attestations"

[tools.lefthook."platforms.linux-arm64-musl"]
provenance = "github-attestations"

[tools.lefthook."platforms.linux-x64"]
provenance = "github-attestations"

[tools.lefthook."platforms.linux-x64-musl"]
provenance = "github-attestations"

[tools.lefthook."platforms.macos-arm64"]
provenance = "github-attestations"

[tools.lefthook."platforms.macos-x64"]
provenance = "github-attestations"

[tools.lefthook."platforms.windows-x64"]
provenance = "github-attestations"

[[tools.yq]]
version = "4.53.3"
backend = "aqua:mikefarah/yq"

[[tools.zizmor]]
version = "1.25.2"
backend = "aqua:zizmorcore/zizmor"

[tools.zizmor."platforms.linux-arm64"]
provenance = "github-attestations"

[tools.zizmor."platforms.linux-arm64-musl"]
provenance = "github-attestations"

[tools.zizmor."platforms.linux-x64"]
provenance = "github-attestations"

[tools.zizmor."platforms.linux-x64-musl"]
provenance = "github-attestations"

[tools.zizmor."platforms.macos-arm64"]
provenance = "github-attestations"

[tools.zizmor."platforms.macos-x64"]
provenance = "github-attestations"

[tools.zizmor."platforms.windows-x64"]
provenance = "github-attestations"
